PODS:
  - Cartography (0.6.0)
  - PSTAlertController (1.2.0)
  - SwiftColor (0.3.5)
  - TTTAttributedLabel (1.13.4)

DEPENDENCIES:
  - Cartography
  - PSTAlertController
  - SwiftColor
  - TTTAttributedLabel

SPEC CHECKSUMS:
  Cartography: 70af183a248547694a8cfaa6b989cb7e04589985
  PSTAlertController: 9b802dfbda54fee2683bfd6dda7023a6de895d5b
  SwiftColor: 05004b92aa6ec04c7b9d387bfb17a8e8661d52e6
  TTTAttributedLabel: 0a2ac7b2dd726d32a070dafb01446026b11e624f

COCOAPODS: 0.39.0
