PODS:
  - Cartography (1.0.1)
  - PSTAlertController (1.2.0)
  - SwiftColor (0.4.0)
  - TTTAttributedLabel (2.0.0)

DEPENDENCIES:
  - Cartography
  - PSTAlertController
  - SwiftColor
  - TTTAttributedLabel

SPEC CHECKSUMS:
  Cartography: c1460e99395b824d9d75360b0382faeb0b33dcd7
  PSTAlertController: 9b802dfbda54fee2683bfd6dda7023a6de895d5b
  SwiftColor: c240d8cb2e1a29d731ae8deca8739eac6b9c56bd
  TTTAttributedLabel: 8cffe8e127e4e82ff3af1e5386d4cd0ad000b656

PODFILE CHECKSUM: b0089631c3bc52a4296c642001d960f6afb48bdd

COCOAPODS: 1.2.0
