PODS:
  - Cartography (3.1.0)
  - SwiftColor (1.2.0)
  - TTTAttributedLabel (2.0.0)

DEPENDENCIES:
  - Cartography
  - SwiftColor
  - TTTAttributedLabel

SPEC REPOS:
  https://github.com/cocoapods/specs.git:
    - Cartography
    - SwiftColor
    - TTTAttributedLabel

SPEC CHECKSUMS:
  Cartography: 1988b7578871a56c036e7af17195cb2190edf18c
  SwiftColor: a5be3ddacf3d1e36bdd914629ec64c4dd85e7a38
  TTTAttributedLabel: 8cffe8e127e4e82ff3af1e5386d4cd0ad000b656

PODFILE CHECKSUM: 9b0d1215afbff2a7f5201288825625484bd88859

COCOAPODS: 1.5.3
