// !$*UTF8*$!
{
	archiveVersion = 1;
	classes = {
	};
	objectVersion = 46;
	objects = {

/* Begin PBXBuildFile section */
		1DF84E2D8C8FA2EC8368C1DF /* Pods.framework in Frameworks */ = {isa = PBXBuildFile; fileRef = 09D8BA64C78299AB2BBAC47A /* Pods.framework */; settings = {ATTRIBUTES = (Weak, ); }; };
		85C689CC1AFED1D60021CB0E /* AppDelegate.swift in Sources */ = {isa = PBXBuildFile; fileRef = 85C689CB1AFED1D60021CB0E /* AppDelegate.swift */; };
		85C689CE1AFED1D60021CB0E /* CharacterListViewController.swift in Sources */ = {isa = PBXBuildFile; fileRef = 85C689CD1AFED1D60021CB0E /* CharacterListViewController.swift */; };
		85C689D31AFED1D70021CB0E /* Images.xcassets in Resources */ = {isa = PBXBuildFile; fileRef = 85C689D21AFED1D70021CB0E /* Images.xcassets */; };
		85C689E21AFED1D70021CB0E /* GenlabbetTests.swift in Sources */ = {isa = PBXBuildFile; fileRef = 85C689E11AFED1D70021CB0E /* GenlabbetTests.swift */; };
/* End PBXBuildFile section */

/* Begin PBXContainerItemProxy section */
		85C689DC1AFED1D70021CB0E /* PBXContainerItemProxy */ = {
			isa = PBXContainerItemProxy;
			containerPortal = 85C689BE1AFED1D60021CB0E /* Project object */;
			proxyType = 1;
			remoteGlobalIDString = 85C689C51AFED1D60021CB0E;
			remoteInfo = Genlabbet;
		};
/* End PBXContainerItemProxy section */

/* Begin PBXFileReference section */
		09D8BA64C78299AB2BBAC47A /* Pods.framework */ = {isa = PBXFileReference; explicitFileType = wrapper.framework; includeInIndex = 0; path = Pods.framework; sourceTree = BUILT_PRODUCTS_DIR; };
		1835035F188970F1C0691F5B /* Pods.release.xcconfig */ = {isa = PBXFileReference; includeInIndex = 1; lastKnownFileType = text.xcconfig; name = Pods.release.xcconfig; path = "Pods/Target Support Files/Pods/Pods.release.xcconfig"; sourceTree = "<group>"; };
		85C689C61AFED1D60021CB0E /* Genlabbet.app */ = {isa = PBXFileReference; explicitFileType = wrapper.application; includeInIndex = 0; path = Genlabbet.app; sourceTree = BUILT_PRODUCTS_DIR; };
		85C689CA1AFED1D60021CB0E /* Info.plist */ = {isa = PBXFileReference; lastKnownFileType = text.plist.xml; path = Info.plist; sourceTree = "<group>"; };
		85C689CB1AFED1D60021CB0E /* AppDelegate.swift */ = {isa = PBXFileReference; lastKnownFileType = sourcecode.swift; path = AppDelegate.swift; sourceTree = "<group>"; };
		85C689CD1AFED1D60021CB0E /* CharacterListViewController.swift */ = {isa = PBXFileReference; lastKnownFileType = sourcecode.swift; path = CharacterListViewController.swift; sourceTree = "<group>"; };
		85C689D21AFED1D70021CB0E /* Images.xcassets */ = {isa = PBXFileReference; lastKnownFileType = folder.assetcatalog; path = Images.xcassets; sourceTree = "<group>"; };
		85C689DB1AFED1D70021CB0E /* GenlabbetTests.xctest */ = {isa = PBXFileReference; explicitFileType = wrapper.cfbundle; includeInIndex = 0; path = GenlabbetTests.xctest; sourceTree = BUILT_PRODUCTS_DIR; };
		85C689E01AFED1D70021CB0E /* Info.plist */ = {isa = PBXFileReference; lastKnownFileType = text.plist.xml; path = Info.plist; sourceTree = "<group>"; };
		85C689E11AFED1D70021CB0E /* GenlabbetTests.swift */ = {isa = PBXFileReference; lastKnownFileType = sourcecode.swift; path = GenlabbetTests.swift; sourceTree = "<group>"; };
		DF3F80443563ADAEC1E08935 /* Pods.debug.xcconfig */ = {isa = PBXFileReference; includeInIndex = 1; lastKnownFileType = text.xcconfig; name = Pods.debug.xcconfig; path = "Pods/Target Support Files/Pods/Pods.debug.xcconfig"; sourceTree = "<group>"; };
/* End PBXFileReference section */

/* Begin PBXFrameworksBuildPhase section */
		85C689C31AFED1D60021CB0E /* Frameworks */ = {
			isa = PBXFrameworksBuildPhase;
			buildActionMask = 2147483647;
			files = (
				1DF84E2D8C8FA2EC8368C1DF /* Pods.framework in Frameworks */,
			);
			runOnlyForDeploymentPostprocessing = 0;
		};
		85C689D81AFED1D70021CB0E /* Frameworks */ = {
			isa = PBXFrameworksBuildPhase;
			buildActionMask = 2147483647;
			files = (
			);
			runOnlyForDeploymentPostprocessing = 0;
		};
/* End PBXFrameworksBuildPhase section */

/* Begin PBXGroup section */
		85429E1D1B03B98F00846BF1 /* ViewControllers */ = {
			isa = PBXGroup;
			children = (
				85C689CD1AFED1D60021CB0E /* CharacterListViewController.swift */,
			);
			name = ViewControllers;
			sourceTree = "<group>";
		};
		85429E1E1B03B9BA00846BF1 /* Views */ = {
			isa = PBXGroup;
			children = (
			);
			name = Views;
			sourceTree = "<group>";
		};
		85429E1F1B03B9CE00846BF1 /* Assets */ = {
			isa = PBXGroup;
			children = (
			);
			name = Assets;
			sourceTree = "<group>";
		};
		85429E201B03B9DC00846BF1 /* Models */ = {
			isa = PBXGroup;
			children = (
			);
			name = Models;
			sourceTree = "<group>";
		};
		85C689BD1AFED1D60021CB0E = {
			isa = PBXGroup;
			children = (
				85C689C81AFED1D60021CB0E /* Genlabbet */,
				85C689DE1AFED1D70021CB0E /* GenlabbetTests */,
				85C689C71AFED1D60021CB0E /* Products */,
				EAFF3B099FD1B765A5264602 /* Pods */,
				AEB21A0289EE2D301ACA1127 /* Frameworks */,
			);
			sourceTree = "<group>";
		};
		85C689C71AFED1D60021CB0E /* Products */ = {
			isa = PBXGroup;
			children = (
				85C689C61AFED1D60021CB0E /* Genlabbet.app */,
				85C689DB1AFED1D70021CB0E /* GenlabbetTests.xctest */,
			);
			name = Products;
			sourceTree = "<group>";
		};
		85C689C81AFED1D60021CB0E /* Genlabbet */ = {
			isa = PBXGroup;
			children = (
				85C689CB1AFED1D60021CB0E /* AppDelegate.swift */,
				85C689D21AFED1D70021CB0E /* Images.xcassets */,
				85429E1F1B03B9CE00846BF1 /* Assets */,
				85429E201B03B9DC00846BF1 /* Models */,
				85C689C91AFED1D60021CB0E /* Supporting Files */,
				85429E1D1B03B98F00846BF1 /* ViewControllers */,
				85429E1E1B03B9BA00846BF1 /* Views */,
			);
			path = Genlabbet;
			sourceTree = "<group>";
		};
		85C689C91AFED1D60021CB0E /* Supporting Files */ = {
			isa = PBXGroup;
			children = (
				85C689CA1AFED1D60021CB0E /* Info.plist */,
			);
			name = "Supporting Files";
			sourceTree = "<group>";
		};
		85C689DE1AFED1D70021CB0E /* GenlabbetTests */ = {
			isa = PBXGroup;
			children = (
				85C689E11AFED1D70021CB0E /* GenlabbetTests.swift */,
				85C689DF1AFED1D70021CB0E /* Supporting Files */,
			);
			path = GenlabbetTests;
			sourceTree = "<group>";
		};
		85C689DF1AFED1D70021CB0E /* Supporting Files */ = {
			isa = PBXGroup;
			children = (
				85C689E01AFED1D70021CB0E /* Info.plist */,
			);
			name = "Supporting Files";
			sourceTree = "<group>";
		};
		AEB21A0289EE2D301ACA1127 /* Frameworks */ = {
			isa = PBXGroup;
			children = (
				09D8BA64C78299AB2BBAC47A /* Pods.framework */,
			);
			name = Frameworks;
			sourceTree = "<group>";
		};
		EAFF3B099FD1B765A5264602 /* Pods */ = {
			isa = PBXGroup;
			children = (
				DF3F80443563ADAEC1E08935 /* Pods.debug.xcconfig */,
				1835035F188970F1C0691F5B /* Pods.release.xcconfig */,
			);
			name = Pods;
			sourceTree = "<group>";
		};
/* End PBXGroup section */

/* Begin PBXNativeTarget section */
		85C689C51AFED1D60021CB0E /* Genlabbet */ = {
			isa = PBXNativeTarget;
			buildConfigurationList = 85C689E51AFED1D70021CB0E /* Build configuration list for PBXNativeTarget "Genlabbet" */;
			buildPhases = (
				75725A5D1836DAB959B2C774 /* Check Pods Manifest.lock */,
				85C689C21AFED1D60021CB0E /* Sources */,
				85C689C31AFED1D60021CB0E /* Frameworks */,
				85C689C41AFED1D60021CB0E /* Resources */,
				DDB28CD2105100EBCED0E411 /* Embed Pods Frameworks */,
				41B75166478D3B026E3F8553 /* Copy Pods Resources */,
			);
			buildRules = (
			);
			dependencies = (
			);
			name = Genlabbet;
			productName = Genlabbet;
			productReference = 85C689C61AFED1D60021CB0E /* Genlabbet.app */;
			productType = "com.apple.product-type.application";
		};
		85C689DA1AFED1D70021CB0E /* GenlabbetTests */ = {
			isa = PBXNativeTarget;
			buildConfigurationList = 85C689E81AFED1D70021CB0E /* Build configuration list for PBXNativeTarget "GenlabbetTests" */;
			buildPhases = (
				85C689D71AFED1D70021CB0E /* Sources */,
				85C689D81AFED1D70021CB0E /* Frameworks */,
				85C689D91AFED1D70021CB0E /* Resources */,
			);
			buildRules = (
			);
			dependencies = (
				85C689DD1AFED1D70021CB0E /* PBXTargetDependency */,
			);
			name = GenlabbetTests;
			productName = GenlabbetTests;
			productReference = 85C689DB1AFED1D70021CB0E /* GenlabbetTests.xctest */;
			productType = "com.apple.product-type.bundle.unit-test";
		};
/* End PBXNativeTarget section */

/* Begin PBXProject section */
		85C689BE1AFED1D60021CB0E /* Project object */ = {
			isa = PBXProject;
			attributes = {
				LastUpgradeCheck = 0630;
				ORGANIZATIONNAME = "Arvid Kongstad";
				TargetAttributes = {
					85C689C51AFED1D60021CB0E = {
						CreatedOnToolsVersion = 6.3.1;
					};
					85C689DA1AFED1D70021CB0E = {
						CreatedOnToolsVersion = 6.3.1;
						TestTargetID = 85C689C51AFED1D60021CB0E;
					};
				};
			};
			buildConfigurationList = 85C689C11AFED1D60021CB0E /* Build configuration list for PBXProject "Genlabbet" */;
			compatibilityVersion = "Xcode 3.2";
			developmentRegion = English;
			hasScannedForEncodings = 0;
			knownRegions = (
				en,
				Base,
			);
			mainGroup = 85C689BD1AFED1D60021CB0E;
			productRefGroup = 85C689C71AFED1D60021CB0E /* Products */;
			projectDirPath = "";
			projectRoot = "";
			targets = (
				85C689C51AFED1D60021CB0E /* Genlabbet */,
				85C689DA1AFED1D70021CB0E /* GenlabbetTests */,
			);
		};
/* End PBXProject section */

/* Begin PBXResourcesBuildPhase section */
		85C689C41AFED1D60021CB0E /* Resources */ = {
			isa = PBXResourcesBuildPhase;
			buildActionMask = 2147483647;
			files = (
				85C689D31AFED1D70021CB0E /* Images.xcassets in Resources */,
			);
			runOnlyForDeploymentPostprocessing = 0;
		};
		85C689D91AFED1D70021CB0E /* Resources */ = {
			isa = PBXResourcesBuildPhase;
			buildActionMask = 2147483647;
			files = (
			);
			runOnlyForDeploymentPostprocessing = 0;
		};
/* End PBXResourcesBuildPhase section */

/* Begin PBXShellScriptBuildPhase section */
		41B75166478D3B026E3F8553 /* Copy Pods Resources */ = {
			isa = PBXShellScriptBuildPhase;
			buildActionMask = 2147483647;
			files = (
			);
			inputPaths = (
			);
			name = "Copy Pods Resources";
			outputPaths = (
			);
			runOnlyForDeploymentPostprocessing = 0;
			shellPath = /bin/sh;
			shellScript = "\"${SRCROOT}/Pods/Target Support Files/Pods/Pods-resources.sh\"\n";
			showEnvVarsInLog = 0;
		};
		75725A5D1836DAB959B2C774 /* Check Pods Manifest.lock */ = {
			isa = PBXShellScriptBuildPhase;
			buildActionMask = 2147483647;
			files = (
			);
			inputPaths = (
			);
			name = "Check Pods Manifest.lock";
			outputPaths = (
			);
			runOnlyForDeploymentPostprocessing = 0;
			shellPath = /bin/sh;
			shellScript = "diff \"${PODS_ROOT}/../Podfile.lock\" \"${PODS_ROOT}/Manifest.lock\" > /dev/null\nif [[ $? != 0 ]] ; then\n    cat << EOM\nerror: The sandbox is not in sync with the Podfile.lock. Run 'pod install' or update your CocoaPods installation.\nEOM\n    exit 1\nfi\n";
			showEnvVarsInLog = 0;
		};
		DDB28CD2105100EBCED0E411 /* Embed Pods Frameworks */ = {
			isa = PBXShellScriptBuildPhase;
			buildActionMask = 2147483647;
			files = (
			);
			inputPaths = (
			);
			name = "Embed Pods Frameworks";
			outputPaths = (
			);
			runOnlyForDeploymentPostprocessing = 0;
			shellPath = /bin/sh;
			shellScript = "\"${SRCROOT}/Pods/Target Support Files/Pods/Pods-frameworks.sh\"\n";
			showEnvVarsInLog = 0;
		};
/* End PBXShellScriptBuildPhase section */

/* Begin PBXSourcesBuildPhase section */
		85C689C21AFED1D60021CB0E /* Sources */ = {
			isa = PBXSourcesBuildPhase;
			buildActionMask = 2147483647;
			files = (
				85C689CE1AFED1D60021CB0E /* CharacterListViewController.swift in Sources */,
				85C689CC1AFED1D60021CB0E /* AppDelegate.swift in Sources */,
			);
			runOnlyForDeploymentPostprocessing = 0;
		};
		85C689D71AFED1D70021CB0E /* Sources */ = {
			isa = PBXSourcesBuildPhase;
			buildActionMask = 2147483647;
			files = (
				85C689E21AFED1D70021CB0E /* GenlabbetTests.swift in Sources */,
			);
			runOnlyForDeploymentPostprocessing = 0;
		};
/* End PBXSourcesBuildPhase section */

/* Begin PBXTargetDependency section */
		85C689DD1AFED1D70021CB0E /* PBXTargetDependency */ = {
			isa = PBXTargetDependency;
			target = 85C689C51AFED1D60021CB0E /* Genlabbet */;
			targetProxy = 85C689DC1AFED1D70021CB0E /* PBXContainerItemProxy */;
		};
/* End PBXTargetDependency section */

/* Begin XCBuildConfiguration section */
		85C689E31AFED1D70021CB0E /* Debug */ = {
			isa = XCBuildConfiguration;
			buildSettings = {
				ALWAYS_SEARCH_USER_PATHS = NO;
				CLANG_CXX_LANGUAGE_STANDARD = "gnu++0x";
				CLANG_CXX_LIBRARY = "libc++";
				CLANG_ENABLE_MODULES = YES;
				CLANG_ENABLE_OBJC_ARC = YES;
				CLANG_WARN_BOOL_CONVERSION = YES;
				CLANG_WARN_CONSTANT_CONVERSION = YES;
				CLANG_WARN_DIRECT_OBJC_ISA_USAGE = YES_ERROR;
				CLANG_WARN_EMPTY_BODY = YES;
				CLANG_WARN_ENUM_CONVERSION = YES;
				CLANG_WARN_INT_CONVERSION = YES;
				CLANG_WARN_OBJC_ROOT_CLASS = YES_ERROR;
				CLANG_WARN_UNREACHABLE_CODE = YES;
				CLANG_WARN__DUPLICATE_METHOD_MATCH = YES;
				"CODE_SIGN_IDENTITY[sdk=iphoneos*]" = "iPhone Developer";
				COPY_PHASE_STRIP = NO;
				DEBUG_INFORMATION_FORMAT = "dwarf-with-dsym";
				ENABLE_STRICT_OBJC_MSGSEND = YES;
				GCC_C_LANGUAGE_STANDARD = gnu99;
				GCC_DYNAMIC_NO_PIC = NO;
				GCC_NO_COMMON_BLOCKS = YES;
				GCC_OPTIMIZATION_LEVEL = 0;
				GCC_PREPROCESSOR_DEFINITIONS = (
					"DEBUG=1",
					"$(inherited)",
				);
				GCC_SYMBOLS_PRIVATE_EXTERN = NO;
				GCC_WARN_64_TO_32_BIT_CONVERSION = YES;
				GCC_WARN_ABOUT_RETURN_TYPE = YES_ERROR;
				GCC_WARN_UNDECLARED_SELECTOR = YES;
				GCC_WARN_UNINITIALIZED_AUTOS = YES_AGGRESSIVE;
				GCC_WARN_UNUSED_FUNCTION = YES;
				GCC_WARN_UNUSED_VARIABLE = YES;
				IPHONEOS_DEPLOYMENT_TARGET = 8.3;
				MTL_ENABLE_DEBUG_INFO = YES;
				ONLY_ACTIVE_ARCH = YES;
				SDKROOT = iphoneos;
				SWIFT_OPTIMIZATION_LEVEL = "-Onone";
			};
			name = Debug;
		};
		85C689E41AFED1D70021CB0E /* Release */ = {
			isa = XCBuildConfiguration;
			buildSettings = {
				ALWAYS_SEARCH_USER_PATHS = NO;
				CLANG_CXX_LANGUAGE_STANDARD = "gnu++0x";
				CLANG_CXX_LIBRARY = "libc++";
				CLANG_ENABLE_MODULES = YES;
				CLANG_ENABLE_OBJC_ARC = YES;
				CLANG_WARN_BOOL_CONVERSION = YES;
				CLANG_WARN_CONSTANT_CONVERSION = YES;
				CLANG_WARN_DIRECT_OBJC_ISA_USAGE = YES_ERROR;
				CLANG_WARN_EMPTY_BODY = YES;
				CLANG_WARN_ENUM_CONVERSION = YES;
				CLANG_WARN_INT_CONVERSION = YES;
				CLANG_WARN_OBJC_ROOT_CLASS = YES_ERROR;
				CLANG_WARN_UNREACHABLE_CODE = YES;
				CLANG_WARN__DUPLICATE_METHOD_MATCH = YES;
				"CODE_SIGN_IDENTITY[sdk=iphoneos*]" = "iPhone Developer";
				COPY_PHASE_STRIP = NO;
				DEBUG_INFORMATION_FORMAT = "dwarf-with-dsym";
				ENABLE_NS_ASSERTIONS = NO;
				ENABLE_STRICT_OBJC_MSGSEND = YES;
				GCC_C_LANGUAGE_STANDARD = gnu99;
				GCC_NO_COMMON_BLOCKS = YES;
				GCC_WARN_64_TO_32_BIT_CONVERSION = YES;
				GCC_WARN_ABOUT_RETURN_TYPE = YES_ERROR;
				GCC_WARN_UNDECLARED_SELECTOR = YES;
				GCC_WARN_UNINITIALIZED_AUTOS = YES_AGGRESSIVE;
				GCC_WARN_UNUSED_FUNCTION = YES;
				GCC_WARN_UNUSED_VARIABLE = YES;
				IPHONEOS_DEPLOYMENT_TARGET = 8.3;
				MTL_ENABLE_DEBUG_INFO = NO;
				SDKROOT = iphoneos;
				VALIDATE_PRODUCT = YES;
			};
			name = Release;
		};
		85C689E61AFED1D70021CB0E /* Debug */ = {
			isa = XCBuildConfiguration;
			baseConfigurationReference = DF3F80443563ADAEC1E08935 /* Pods.debug.xcconfig */;
			buildSettings = {
				ASSETCATALOG_COMPILER_APPICON_NAME = AppIcon;
				INFOPLIST_FILE = Genlabbet/Info.plist;
				LD_RUNPATH_SEARCH_PATHS = "$(inherited) @executable_path/Frameworks";
				PRODUCT_NAME = "$(TARGET_NAME)";
			};
			name = Debug;
		};
		85C689E71AFED1D70021CB0E /* Release */ = {
			isa = XCBuildConfiguration;
			baseConfigurationReference = 1835035F188970F1C0691F5B /* Pods.release.xcconfig */;
			buildSettings = {
				ASSETCATALOG_COMPILER_APPICON_NAME = AppIcon;
				INFOPLIST_FILE = Genlabbet/Info.plist;
				LD_RUNPATH_SEARCH_PATHS = "$(inherited) @executable_path/Frameworks";
				PRODUCT_NAME = "$(TARGET_NAME)";
			};
			name = Release;
		};
		85C689E91AFED1D70021CB0E /* Debug */ = {
			isa = XCBuildConfiguration;
			buildSettings = {
				BUNDLE_LOADER = "$(TEST_HOST)";
				FRAMEWORK_SEARCH_PATHS = (
					"$(SDKROOT)/Developer/Library/Frameworks",
					"$(inherited)",
				);
				GCC_PREPROCESSOR_DEFINITIONS = (
					"DEBUG=1",
					"$(inherited)",
				);
				INFOPLIST_FILE = GenlabbetTests/Info.plist;
				LD_RUNPATH_SEARCH_PATHS = "$(inherited) @executable_path/Frameworks @loader_path/Frameworks";
				PRODUCT_NAME = "$(TARGET_NAME)";
				TEST_HOST = "$(BUILT_PRODUCTS_DIR)/Genlabbet.app/Genlabbet";
			};
			name = Debug;
		};
		85C689EA1AFED1D70021CB0E /* Release */ = {
			isa = XCBuildConfiguration;
			buildSettings = {
				BUNDLE_LOADER = "$(TEST_HOST)";
				FRAMEWORK_SEARCH_PATHS = (
					"$(SDKROOT)/Developer/Library/Frameworks",
					"$(inherited)",
				);
				INFOPLIST_FILE = GenlabbetTests/Info.plist;
				LD_RUNPATH_SEARCH_PATHS = "$(inherited) @executable_path/Frameworks @loader_path/Frameworks";
				PRODUCT_NAME = "$(TARGET_NAME)";
				TEST_HOST = "$(BUILT_PRODUCTS_DIR)/Genlabbet.app/Genlabbet";
			};
			name = Release;
		};
/* End XCBuildConfiguration section */

/* Begin XCConfigurationList section */
		85C689C11AFED1D60021CB0E /* Build configuration list for PBXProject "Genlabbet" */ = {
			isa = XCConfigurationList;
			buildConfigurations = (
				85C689E31AFED1D70021CB0E /* Debug */,
				85C689E41AFED1D70021CB0E /* Release */,
			);
			defaultConfigurationIsVisible = 0;
			defaultConfigurationName = Release;
		};
		85C689E51AFED1D70021CB0E /* Build configuration list for PBXNativeTarget "Genlabbet" */ = {
			isa = XCConfigurationList;
			buildConfigurations = (
				85C689E61AFED1D70021CB0E /* Debug */,
				85C689E71AFED1D70021CB0E /* Release */,
			);
			defaultConfigurationIsVisible = 0;
			defaultConfigurationName = Release;
		};
		85C689E81AFED1D70021CB0E /* Build configuration list for PBXNativeTarget "GenlabbetTests" */ = {
			isa = XCConfigurationList;
			buildConfigurations = (
				85C689E91AFED1D70021CB0E /* Debug */,
				85C689EA1AFED1D70021CB0E /* Release */,
			);
			defaultConfigurationIsVisible = 0;
			defaultConfigurationName = Release;
		};
/* End XCConfigurationList section */
	};
	rootObject = 85C689BE1AFED1D60021CB0E /* Project object */;
}
