<?xml version="1.0" encoding="UTF-8"?>
<!DOCTYPE plist PUBLIC "-//Apple//DTD PLIST 1.0//EN" "http://www.apple.com/DTDs/PropertyList-1.0.dtd">
<plist version="1.0">
<dict>
	<key>archiveVersion</key>
	<string>1</string>
	<key>classes</key>
	<dict/>
	<key>objectVersion</key>
	<string>46</string>
	<key>objects</key>
	<dict>
		<key>09D8BA64C78299AB2BBAC47A</key>
		<dict>
			<key>explicitFileType</key>
			<string>wrapper.framework</string>
			<key>includeInIndex</key>
			<string>0</string>
			<key>isa</key>
			<string>PBXFileReference</string>
			<key>path</key>
			<string>Pods.framework</string>
			<key>sourceTree</key>
			<string>BUILT_PRODUCTS_DIR</string>
		</dict>
		<key>1835035F188970F1C0691F5B</key>
		<dict>
			<key>includeInIndex</key>
			<string>1</string>
			<key>isa</key>
			<string>PBXFileReference</string>
			<key>lastKnownFileType</key>
			<string>text.xcconfig</string>
			<key>name</key>
			<string>Pods.release.xcconfig</string>
			<key>path</key>
			<string>Pods/Target Support Files/Pods/Pods.release.xcconfig</string>
			<key>sourceTree</key>
			<string>&lt;group&gt;</string>
		</dict>
		<key>1DF84E2D8C8FA2EC8368C1DF</key>
		<dict>
			<key>fileRef</key>
			<string>09D8BA64C78299AB2BBAC47A</string>
			<key>isa</key>
			<string>PBXBuildFile</string>
		</dict>
		<key>41B75166478D3B026E3F8553</key>
		<dict>
			<key>buildActionMask</key>
			<string>2147483647</string>
			<key>files</key>
			<array/>
			<key>inputPaths</key>
			<array/>
			<key>isa</key>
			<string>PBXShellScriptBuildPhase</string>
			<key>name</key>
			<string>Copy Pods Resources</string>
			<key>outputPaths</key>
			<array/>
			<key>runOnlyForDeploymentPostprocessing</key>
			<string>0</string>
			<key>shellPath</key>
			<string>/bin/sh</string>
			<key>shellScript</key>
			<string>"${SRCROOT}/Pods/Target Support Files/Pods/Pods-resources.sh"
</string>
			<key>showEnvVarsInLog</key>
			<string>0</string>
		</dict>
		<key>75725A5D1836DAB959B2C774</key>
		<dict>
			<key>buildActionMask</key>
			<string>2147483647</string>
			<key>files</key>
			<array/>
			<key>inputPaths</key>
			<array/>
			<key>isa</key>
			<string>PBXShellScriptBuildPhase</string>
			<key>name</key>
			<string>Check Pods Manifest.lock</string>
			<key>outputPaths</key>
			<array/>
			<key>runOnlyForDeploymentPostprocessing</key>
			<string>0</string>
			<key>shellPath</key>
			<string>/bin/sh</string>
			<key>shellScript</key>
			<string>diff "${PODS_ROOT}/../Podfile.lock" "${PODS_ROOT}/Manifest.lock" &gt; /dev/null
if [[ $? != 0 ]] ; then
    cat &lt;&lt; EOM
error: The sandbox is not in sync with the Podfile.lock. Run 'pod install' or update your CocoaPods installation.
EOM
    exit 1
fi
</string>
			<key>showEnvVarsInLog</key>
			<string>0</string>
		</dict>
		<key>851B2A421B55E92A002CDD3B</key>
		<dict>
			<key>fileEncoding</key>
			<string>4</string>
			<key>isa</key>
			<string>PBXFileReference</string>
			<key>lastKnownFileType</key>
			<string>sourcecode.swift</string>
			<key>name</key>
			<string>AppearanceViewController.swift</string>
			<key>path</key>
			<string>ViewControllers/AppearanceViewController.swift</string>
			<key>sourceTree</key>
			<string>&lt;group&gt;</string>
		</dict>
		<key>851B2A431B55E92A002CDD3B</key>
		<dict>
			<key>fileRef</key>
			<string>851B2A421B55E92A002CDD3B</string>
			<key>isa</key>
			<string>PBXBuildFile</string>
		</dict>
		<key>851B2A441B55F1DC002CDD3B</key>
		<dict>
			<key>fileEncoding</key>
			<string>4</string>
			<key>isa</key>
			<string>PBXFileReference</string>
			<key>lastKnownFileType</key>
			<string>sourcecode.swift</string>
			<key>name</key>
			<string>ChoiceHeadingLabel.swift</string>
			<key>path</key>
			<string>Views/ChoiceHeadingLabel.swift</string>
			<key>sourceTree</key>
			<string>&lt;group&gt;</string>
		</dict>
		<key>851B2A451B55F1DC002CDD3B</key>
		<dict>
			<key>fileRef</key>
			<string>851B2A441B55F1DC002CDD3B</string>
			<key>isa</key>
			<string>PBXBuildFile</string>
		</dict>
		<key>851B2A461B560353002CDD3B</key>
		<dict>
			<key>fileEncoding</key>
			<string>4</string>
			<key>isa</key>
			<string>PBXFileReference</string>
			<key>lastKnownFileType</key>
			<string>sourcecode.swift</string>
			<key>name</key>
			<string>ChoiceTextField.swift</string>
			<key>path</key>
			<string>Views/ChoiceTextField.swift</string>
			<key>sourceTree</key>
			<string>&lt;group&gt;</string>
		</dict>
		<key>851B2A471B560353002CDD3B</key>
		<dict>
			<key>fileRef</key>
			<string>851B2A461B560353002CDD3B</string>
			<key>isa</key>
			<string>PBXBuildFile</string>
		</dict>
		<key>851B2A481B561C0D002CDD3B</key>
		<dict>
			<key>fileEncoding</key>
			<string>4</string>
			<key>isa</key>
			<string>PBXFileReference</string>
			<key>lastKnownFileType</key>
			<string>sourcecode.swift</string>
			<key>name</key>
			<string>SkipCreationStepLabel.swift</string>
			<key>path</key>
			<string>Views/SkipCreationStepLabel.swift</string>
			<key>sourceTree</key>
			<string>&lt;group&gt;</string>
		</dict>
		<key>851B2A491B561C0D002CDD3B</key>
		<dict>
			<key>fileRef</key>
			<string>851B2A481B561C0D002CDD3B</string>
			<key>isa</key>
			<string>PBXBuildFile</string>
		</dict>
		<key>85429E1D1B03B98F00846BF1</key>
		<dict>
			<key>children</key>
			<array>
				<string>85429E271B03CF6200846BF1</string>
				<string>85429E2D1B03F5F800846BF1</string>
				<string>85429E2B1B03F5AD00846BF1</string>
				<string>85B56AF91B4ED3EC00F3B735</string>
				<string>85B56B031B5059C900F3B735</string>
				<string>851B2A421B55E92A002CDD3B</string>
				<string>85AF5A051B5673DC0089BD5E</string>
			</array>
			<key>isa</key>
			<string>PBXGroup</string>
			<key>name</key>
			<string>ViewControllers</string>
			<key>sourceTree</key>
			<string>&lt;group&gt;</string>
		</dict>
		<key>85429E1E1B03B9BA00846BF1</key>
		<dict>
			<key>children</key>
			<array>
				<string>85B067311B456D6300380B70</string>
				<string>85B56B091B50FFA100F3B735</string>
				<string>851B2A441B55F1DC002CDD3B</string>
				<string>851B2A461B560353002CDD3B</string>
				<string>85B067461B45B17D00380B70</string>
				<string>8571D2CB1B5ACF6800E8C5FA</string>
				<string>85B56B1C1B51347300F3B735</string>
				<string>851B2A481B561C0D002CDD3B</string>
			</array>
			<key>isa</key>
			<string>PBXGroup</string>
			<key>name</key>
			<string>Views</string>
			<key>sourceTree</key>
			<string>&lt;group&gt;</string>
		</dict>
		<key>85429E1F1B03B9CE00846BF1</key>
		<dict>
			<key>children</key>
			<array>
				<string>85C689D21AFED1D70021CB0E</string>
				<string>85B0672C1B4562E600380B70</string>
				<string>85B56B111B51101F00F3B735</string>
				<string>85B067351B45986100380B70</string>
				<string>85B56B071B50F24700F3B735</string>
			</array>
			<key>isa</key>
			<string>PBXGroup</string>
			<key>name</key>
			<string>Assets</string>
			<key>sourceTree</key>
			<string>&lt;group&gt;</string>
		</dict>
		<key>85429E201B03B9DC00846BF1</key>
		<dict>
			<key>children</key>
			<array>
				<string>85B56B3C1B55A2D300F3B735</string>
				<string>85B56B321B5426B800F3B735</string>
				<string>85429E2F1B03FA7600846BF1</string>
				<string>85B56B301B53A33D00F3B735</string>
				<string>85B56B341B542A8900F3B735</string>
				<string>85B56B3E1B55A37400F3B735</string>
				<string>85B56B3A1B5577CC00F3B735</string>
			</array>
			<key>isa</key>
			<string>PBXGroup</string>
			<key>name</key>
			<string>Models</string>
			<key>sourceTree</key>
			<string>&lt;group&gt;</string>
		</dict>
		<key>85429E271B03CF6200846BF1</key>
		<dict>
			<key>fileEncoding</key>
			<string>4</string>
			<key>isa</key>
			<string>PBXFileReference</string>
			<key>lastKnownFileType</key>
			<string>sourcecode.swift</string>
			<key>name</key>
			<string>CharacterListViewController.swift</string>
			<key>path</key>
			<string>ViewControllers/CharacterListViewController.swift</string>
			<key>sourceTree</key>
			<string>&lt;group&gt;</string>
		</dict>
		<key>85429E281B03CF6200846BF1</key>
		<dict>
			<key>fileRef</key>
			<string>85429E271B03CF6200846BF1</string>
			<key>isa</key>
			<string>PBXBuildFile</string>
		</dict>
		<key>85429E2B1B03F5AD00846BF1</key>
		<dict>
			<key>fileEncoding</key>
			<string>4</string>
			<key>isa</key>
			<string>PBXFileReference</string>
			<key>lastKnownFileType</key>
			<string>sourcecode.swift</string>
			<key>name</key>
			<string>AnimalViewController.swift</string>
			<key>path</key>
			<string>ViewControllers/AnimalViewController.swift</string>
			<key>sourceTree</key>
			<string>&lt;group&gt;</string>
		</dict>
		<key>85429E2C1B03F5AD00846BF1</key>
		<dict>
			<key>fileRef</key>
			<string>85429E2B1B03F5AD00846BF1</string>
			<key>isa</key>
			<string>PBXBuildFile</string>
		</dict>
		<key>85429E2D1B03F5F800846BF1</key>
		<dict>
			<key>fileEncoding</key>
			<string>4</string>
			<key>isa</key>
			<string>PBXFileReference</string>
			<key>lastKnownFileType</key>
			<string>sourcecode.swift</string>
			<key>name</key>
			<string>CharacterCreationStepViewController.swift</string>
			<key>path</key>
			<string>ViewControllers/CharacterCreationStepViewController.swift</string>
			<key>sourceTree</key>
			<string>&lt;group&gt;</string>
		</dict>
		<key>85429E2E1B03F5F800846BF1</key>
		<dict>
			<key>fileRef</key>
			<string>85429E2D1B03F5F800846BF1</string>
			<key>isa</key>
			<string>PBXBuildFile</string>
		</dict>
		<key>85429E2F1B03FA7600846BF1</key>
		<dict>
			<key>fileEncoding</key>
			<string>4</string>
			<key>isa</key>
			<string>PBXFileReference</string>
			<key>lastKnownFileType</key>
			<string>sourcecode.swift</string>
			<key>name</key>
			<string>Character.swift</string>
			<key>path</key>
			<string>Models/Character.swift</string>
			<key>sourceTree</key>
			<string>&lt;group&gt;</string>
		</dict>
		<key>85429E301B03FA7600846BF1</key>
		<dict>
			<key>fileRef</key>
			<string>85429E2F1B03FA7600846BF1</string>
			<key>isa</key>
			<string>PBXBuildFile</string>
		</dict>
		<key>8571D2CB1B5ACF6800E8C5FA</key>
		<dict>
			<key>fileEncoding</key>
			<string>4</string>
			<key>isa</key>
			<string>PBXFileReference</string>
			<key>lastKnownFileType</key>
			<string>sourcecode.swift</string>
			<key>name</key>
			<string>RadioButtonView.swift</string>
			<key>path</key>
			<string>Views/RadioButtonView.swift</string>
			<key>sourceTree</key>
			<string>&lt;group&gt;</string>
		</dict>
		<key>8571D2CC1B5ACF6800E8C5FA</key>
		<dict>
			<key>fileRef</key>
			<string>8571D2CB1B5ACF6800E8C5FA</string>
			<key>isa</key>
			<string>PBXBuildFile</string>
		</dict>
		<key>85AF5A051B5673DC0089BD5E</key>
		<dict>
			<key>fileEncoding</key>
			<string>4</string>
			<key>isa</key>
			<string>PBXFileReference</string>
			<key>lastKnownFileType</key>
			<string>sourcecode.swift</string>
			<key>name</key>
			<string>GenderNameAgeViewController.swift</string>
			<key>path</key>
			<string>ViewControllers/GenderNameAgeViewController.swift</string>
			<key>sourceTree</key>
			<string>&lt;group&gt;</string>
		</dict>
		<key>85AF5A061B5673DC0089BD5E</key>
		<dict>
			<key>fileRef</key>
			<string>85AF5A051B5673DC0089BD5E</string>
			<key>isa</key>
			<string>PBXBuildFile</string>
		</dict>
		<key>85B0672C1B4562E600380B70</key>
		<dict>
			<key>children</key>
			<array>
				<string>85B56B261B51738500F3B735</string>
				<string>85B56B271B51738500F3B735</string>
				<string>85B0672D1B4562F700380B70</string>
				<string>85B56B2E1B5173A700F3B735</string>
				<string>85B0672E1B4562F700380B70</string>
				<string>85B56B241B513F3000F3B735</string>
			</array>
			<key>isa</key>
			<string>PBXGroup</string>
			<key>name</key>
			<string>Fonts</string>
			<key>sourceTree</key>
			<string>&lt;group&gt;</string>
		</dict>
		<key>85B0672D1B4562F700380B70</key>
		<dict>
			<key>isa</key>
			<string>PBXFileReference</string>
			<key>lastKnownFileType</key>
			<string>file</string>
			<key>name</key>
			<string>Colfax-Medium.otf</string>
			<key>path</key>
			<string>Assets/Fonts/Colfax-Medium.otf</string>
			<key>sourceTree</key>
			<string>&lt;group&gt;</string>
		</dict>
		<key>85B0672E1B4562F700380B70</key>
		<dict>
			<key>isa</key>
			<string>PBXFileReference</string>
			<key>lastKnownFileType</key>
			<string>file</string>
			<key>name</key>
			<string>Colfax-Regular.otf</string>
			<key>path</key>
			<string>Assets/Fonts/Colfax-Regular.otf</string>
			<key>sourceTree</key>
			<string>&lt;group&gt;</string>
		</dict>
		<key>85B0672F1B4562F700380B70</key>
		<dict>
			<key>fileRef</key>
			<string>85B0672D1B4562F700380B70</string>
			<key>isa</key>
			<string>PBXBuildFile</string>
		</dict>
		<key>85B067301B4562F700380B70</key>
		<dict>
			<key>fileRef</key>
			<string>85B0672E1B4562F700380B70</string>
			<key>isa</key>
			<string>PBXBuildFile</string>
		</dict>
		<key>85B067311B456D6300380B70</key>
		<dict>
			<key>fileEncoding</key>
			<string>4</string>
			<key>isa</key>
			<string>PBXFileReference</string>
			<key>lastKnownFileType</key>
			<string>sourcecode.swift</string>
			<key>name</key>
			<string>AnimalTypeOptionView.swift</string>
			<key>path</key>
			<string>Views/AnimalTypeOptionView.swift</string>
			<key>sourceTree</key>
			<string>&lt;group&gt;</string>
		</dict>
		<key>85B067321B456D6300380B70</key>
		<dict>
			<key>fileRef</key>
			<string>85B067311B456D6300380B70</string>
			<key>isa</key>
			<string>PBXBuildFile</string>
		</dict>
		<key>85B067351B45986100380B70</key>
		<dict>
			<key>children</key>
			<array>
				<string>85B067361B4598A400380B70</string>
				<string>85B067371B4598A400380B70</string>
				<string>85B067381B4598A400380B70</string>
				<string>85B067391B4598A400380B70</string>
				<string>85B0673A1B4598A400380B70</string>
				<string>85B0673B1B4598A400380B70</string>
				<string>85B0673C1B4598A400380B70</string>
				<string>85B0673D1B4598A400380B70</string>
			</array>
			<key>isa</key>
			<string>PBXGroup</string>
			<key>name</key>
			<string>Portraits</string>
			<key>sourceTree</key>
			<string>&lt;group&gt;</string>
		</dict>
		<key>85B067361B4598A400380B70</key>
		<dict>
			<key>isa</key>
			<string>PBXFileReference</string>
			<key>lastKnownFileType</key>
			<string>image.png</string>
			<key>name</key>
			<string>Apa.png</string>
			<key>path</key>
			<string>Assets/Portraits/Apa.png</string>
			<key>sourceTree</key>
			<string>&lt;group&gt;</string>
		</dict>
		<key>85B067371B4598A400380B70</key>
		<dict>
			<key>isa</key>
			<string>PBXFileReference</string>
			<key>lastKnownFileType</key>
			<string>image.png</string>
			<key>name</key>
			<string>Bjorn.png</string>
			<key>path</key>
			<string>Assets/Portraits/Bjorn.png</string>
			<key>sourceTree</key>
			<string>&lt;group&gt;</string>
		</dict>
		<key>85B067381B4598A400380B70</key>
		<dict>
			<key>isa</key>
			<string>PBXFileReference</string>
			<key>lastKnownFileType</key>
			<string>image.png</string>
			<key>name</key>
			<string>Gnagare.png</string>
			<key>path</key>
			<string>Assets/Portraits/Gnagare.png</string>
			<key>sourceTree</key>
			<string>&lt;group&gt;</string>
		</dict>
		<key>85B067391B4598A400380B70</key>
		<dict>
			<key>isa</key>
			<string>PBXFileReference</string>
			<key>lastKnownFileType</key>
			<string>image.png</string>
			<key>name</key>
			<string>Hardjur.png</string>
			<key>path</key>
			<string>Assets/Portraits/Hardjur.png</string>
			<key>sourceTree</key>
			<string>&lt;group&gt;</string>
		</dict>
		<key>85B0673A1B4598A400380B70</key>
		<dict>
			<key>isa</key>
			<string>PBXFileReference</string>
			<key>lastKnownFileType</key>
			<string>image.png</string>
			<key>name</key>
			<string>Hunddjur.png</string>
			<key>path</key>
			<string>Assets/Portraits/Hunddjur.png</string>
			<key>sourceTree</key>
			<string>&lt;group&gt;</string>
		</dict>
		<key>85B0673B1B4598A400380B70</key>
		<dict>
			<key>isa</key>
			<string>PBXFileReference</string>
			<key>lastKnownFileType</key>
			<string>image.png</string>
			<key>name</key>
			<string>Kattdjur.png</string>
			<key>path</key>
			<string>Assets/Portraits/Kattdjur.png</string>
			<key>sourceTree</key>
			<string>&lt;group&gt;</string>
		</dict>
		<key>85B0673C1B4598A400380B70</key>
		<dict>
			<key>isa</key>
			<string>PBXFileReference</string>
			<key>lastKnownFileType</key>
			<string>image.png</string>
			<key>name</key>
			<string>Marddjur.png</string>
			<key>path</key>
			<string>Assets/Portraits/Marddjur.png</string>
			<key>sourceTree</key>
			<string>&lt;group&gt;</string>
		</dict>
		<key>85B0673D1B4598A400380B70</key>
		<dict>
			<key>isa</key>
			<string>PBXFileReference</string>
			<key>lastKnownFileType</key>
			<string>image.png</string>
			<key>name</key>
			<string>Reptil.png</string>
			<key>path</key>
			<string>Assets/Portraits/Reptil.png</string>
			<key>sourceTree</key>
			<string>&lt;group&gt;</string>
		</dict>
		<key>85B0673E1B4598A400380B70</key>
		<dict>
			<key>fileRef</key>
			<string>85B067361B4598A400380B70</string>
			<key>isa</key>
			<string>PBXBuildFile</string>
		</dict>
		<key>85B0673F1B4598A400380B70</key>
		<dict>
			<key>fileRef</key>
			<string>85B067371B4598A400380B70</string>
			<key>isa</key>
			<string>PBXBuildFile</string>
		</dict>
		<key>85B067401B4598A400380B70</key>
		<dict>
			<key>fileRef</key>
			<string>85B067381B4598A400380B70</string>
			<key>isa</key>
			<string>PBXBuildFile</string>
		</dict>
		<key>85B067411B4598A400380B70</key>
		<dict>
			<key>fileRef</key>
			<string>85B067391B4598A400380B70</string>
			<key>isa</key>
			<string>PBXBuildFile</string>
		</dict>
		<key>85B067421B4598A400380B70</key>
		<dict>
			<key>fileRef</key>
			<string>85B0673A1B4598A400380B70</string>
			<key>isa</key>
			<string>PBXBuildFile</string>
		</dict>
		<key>85B067431B4598A400380B70</key>
		<dict>
			<key>fileRef</key>
			<string>85B0673B1B4598A400380B70</string>
			<key>isa</key>
			<string>PBXBuildFile</string>
		</dict>
		<key>85B067441B4598A400380B70</key>
		<dict>
			<key>fileRef</key>
			<string>85B0673C1B4598A400380B70</string>
			<key>isa</key>
			<string>PBXBuildFile</string>
		</dict>
		<key>85B067451B4598A400380B70</key>
		<dict>
			<key>fileRef</key>
			<string>85B0673D1B4598A400380B70</string>
			<key>isa</key>
			<string>PBXBuildFile</string>
		</dict>
		<key>85B067461B45B17D00380B70</key>
		<dict>
			<key>fileEncoding</key>
			<string>4</string>
			<key>isa</key>
			<string>PBXFileReference</string>
			<key>lastKnownFileType</key>
			<string>sourcecode.swift</string>
			<key>name</key>
			<string>ProgressBarView.swift</string>
			<key>path</key>
			<string>Views/ProgressBarView.swift</string>
			<key>sourceTree</key>
			<string>&lt;group&gt;</string>
		</dict>
		<key>85B067471B45B17D00380B70</key>
		<dict>
			<key>fileRef</key>
			<string>85B067461B45B17D00380B70</string>
			<key>isa</key>
			<string>PBXBuildFile</string>
		</dict>
		<key>85B56AF91B4ED3EC00F3B735</key>
		<dict>
			<key>fileEncoding</key>
			<string>4</string>
			<key>isa</key>
			<string>PBXFileReference</string>
			<key>lastKnownFileType</key>
			<string>sourcecode.swift</string>
			<key>name</key>
			<string>RoleViewController.swift</string>
			<key>path</key>
			<string>ViewControllers/RoleViewController.swift</string>
			<key>sourceTree</key>
			<string>&lt;group&gt;</string>
		</dict>
		<key>85B56AFA1B4ED3EC00F3B735</key>
		<dict>
			<key>fileRef</key>
			<string>85B56AF91B4ED3EC00F3B735</string>
			<key>isa</key>
			<string>PBXBuildFile</string>
		</dict>
		<key>85B56B031B5059C900F3B735</key>
		<dict>
			<key>fileEncoding</key>
			<string>4</string>
			<key>isa</key>
			<string>PBXFileReference</string>
			<key>lastKnownFileType</key>
			<string>sourcecode.swift</string>
			<key>name</key>
			<string>RolePageContentViewController.swift</string>
			<key>path</key>
			<string>ViewControllers/RolePageContentViewController.swift</string>
			<key>sourceTree</key>
			<string>&lt;group&gt;</string>
		</dict>
		<key>85B56B041B5059C900F3B735</key>
		<dict>
			<key>fileRef</key>
			<string>85B56B031B5059C900F3B735</string>
			<key>isa</key>
			<string>PBXBuildFile</string>
		</dict>
		<key>85B56B071B50F24700F3B735</key>
		<dict>
			<key>isa</key>
			<string>PBXFileReference</string>
			<key>lastKnownFileType</key>
			<string>image.png</string>
			<key>name</key>
			<string>Krigare.png</string>
			<key>path</key>
			<string>Assets/Krigare.png</string>
			<key>sourceTree</key>
			<string>&lt;group&gt;</string>
		</dict>
		<key>85B56B081B50F24700F3B735</key>
		<dict>
			<key>fileRef</key>
			<string>85B56B071B50F24700F3B735</string>
			<key>isa</key>
			<string>PBXBuildFile</string>
		</dict>
		<key>85B56B091B50FFA100F3B735</key>
		<dict>
			<key>fileEncoding</key>
			<string>4</string>
			<key>isa</key>
			<string>PBXFileReference</string>
			<key>lastKnownFileType</key>
			<string>sourcecode.swift</string>
			<key>name</key>
			<string>CharacterCollectionViewCell.swift</string>
			<key>path</key>
			<string>Views/CharacterCollectionViewCell.swift</string>
			<key>sourceTree</key>
			<string>&lt;group&gt;</string>
		</dict>
		<key>85B56B0A1B50FFA100F3B735</key>
		<dict>
			<key>fileRef</key>
			<string>85B56B091B50FFA100F3B735</string>
			<key>isa</key>
			<string>PBXBuildFile</string>
		</dict>
		<key>85B56B111B51101F00F3B735</key>
		<dict>
			<key>children</key>
			<array>
				<string>85B56B121B51104700F3B735</string>
				<string>85B56B131B51104700F3B735</string>
				<string>85B56B141B51104700F3B735</string>
				<string>85B56B151B51104700F3B735</string>
			</array>
			<key>isa</key>
			<string>PBXGroup</string>
			<key>name</key>
			<string>NavigationBar</string>
			<key>sourceTree</key>
			<string>&lt;group&gt;</string>
		</dict>
		<key>85B56B121B51104700F3B735</key>
		<dict>
			<key>isa</key>
			<string>PBXFileReference</string>
			<key>lastKnownFileType</key>
			<string>image.png</string>
			<key>name</key>
			<string>NavbarBackButton@2x.png</string>
			<key>path</key>
			<string>Assets/NavigationBar/NavbarBackButton@2x.png</string>
			<key>sourceTree</key>
			<string>&lt;group&gt;</string>
		</dict>
		<key>85B56B131B51104700F3B735</key>
		<dict>
			<key>isa</key>
			<string>PBXFileReference</string>
			<key>lastKnownFileType</key>
			<string>image.png</string>
			<key>name</key>
			<string>NavbarBackButton@3x.png</string>
			<key>path</key>
			<string>Assets/NavigationBar/NavbarBackButton@3x.png</string>
			<key>sourceTree</key>
			<string>&lt;group&gt;</string>
		</dict>
		<key>85B56B141B51104700F3B735</key>
		<dict>
			<key>isa</key>
			<string>PBXFileReference</string>
			<key>lastKnownFileType</key>
			<string>image.png</string>
			<key>name</key>
			<string>NavbarCloseButton@2x.png</string>
			<key>path</key>
			<string>Assets/NavigationBar/NavbarCloseButton@2x.png</string>
			<key>sourceTree</key>
			<string>&lt;group&gt;</string>
		</dict>
		<key>85B56B151B51104700F3B735</key>
		<dict>
			<key>isa</key>
			<string>PBXFileReference</string>
			<key>lastKnownFileType</key>
			<string>image.png</string>
			<key>name</key>
			<string>NavbarCloseButton@3x.png</string>
			<key>path</key>
			<string>Assets/NavigationBar/NavbarCloseButton@3x.png</string>
			<key>sourceTree</key>
			<string>&lt;group&gt;</string>
		</dict>
		<key>85B56B161B51104700F3B735</key>
		<dict>
			<key>fileRef</key>
			<string>85B56B121B51104700F3B735</string>
			<key>isa</key>
			<string>PBXBuildFile</string>
		</dict>
		<key>85B56B171B51104800F3B735</key>
		<dict>
			<key>fileRef</key>
			<string>85B56B131B51104700F3B735</string>
			<key>isa</key>
			<string>PBXBuildFile</string>
		</dict>
		<key>85B56B181B51104800F3B735</key>
		<dict>
			<key>fileRef</key>
			<string>85B56B141B51104700F3B735</string>
			<key>isa</key>
			<string>PBXBuildFile</string>
		</dict>
		<key>85B56B191B51104800F3B735</key>
		<dict>
			<key>fileRef</key>
			<string>85B56B151B51104700F3B735</string>
			<key>isa</key>
			<string>PBXBuildFile</string>
		</dict>
		<key>85B56B1C1B51347300F3B735</key>
		<dict>
			<key>fileEncoding</key>
			<string>4</string>
			<key>isa</key>
			<string>PBXFileReference</string>
			<key>lastKnownFileType</key>
			<string>sourcecode.swift</string>
			<key>name</key>
			<string>RoleDescriptionLabel.swift</string>
			<key>path</key>
			<string>Views/RoleDescriptionLabel.swift</string>
			<key>sourceTree</key>
			<string>&lt;group&gt;</string>
		</dict>
		<key>85B56B1D1B51347300F3B735</key>
		<dict>
			<key>fileRef</key>
			<string>85B56B1C1B51347300F3B735</string>
			<key>isa</key>
			<string>PBXBuildFile</string>
		</dict>
		<key>85B56B241B513F3000F3B735</key>
		<dict>
			<key>isa</key>
			<string>PBXFileReference</string>
			<key>lastKnownFileType</key>
			<string>file</string>
			<key>name</key>
			<string>Colfax-RegularItalic.otf</string>
			<key>path</key>
			<string>Assets/Fonts/Colfax-RegularItalic.otf</string>
			<key>sourceTree</key>
			<string>&lt;group&gt;</string>
		</dict>
		<key>85B56B251B513F3800F3B735</key>
		<dict>
			<key>fileRef</key>
			<string>85B56B241B513F3000F3B735</string>
			<key>isa</key>
			<string>PBXBuildFile</string>
		</dict>
		<key>85B56B261B51738500F3B735</key>
		<dict>
			<key>isa</key>
			<string>PBXFileReference</string>
			<key>lastKnownFileType</key>
			<string>file</string>
			<key>name</key>
			<string>Colfax-Light.otf</string>
			<key>path</key>
			<string>Assets/Fonts/Colfax-Light.otf</string>
			<key>sourceTree</key>
			<string>&lt;group&gt;</string>
		</dict>
		<key>85B56B271B51738500F3B735</key>
		<dict>
			<key>isa</key>
			<string>PBXFileReference</string>
			<key>lastKnownFileType</key>
			<string>file</string>
			<key>name</key>
			<string>Colfax-LightItalic.otf</string>
			<key>path</key>
			<string>Assets/Fonts/Colfax-LightItalic.otf</string>
			<key>sourceTree</key>
			<string>&lt;group&gt;</string>
		</dict>
		<key>85B56B2A1B51738500F3B735</key>
		<dict>
			<key>fileRef</key>
			<string>85B56B261B51738500F3B735</string>
			<key>isa</key>
			<string>PBXBuildFile</string>
		</dict>
		<key>85B56B2B1B51738500F3B735</key>
		<dict>
			<key>fileRef</key>
			<string>85B56B271B51738500F3B735</string>
			<key>isa</key>
			<string>PBXBuildFile</string>
		</dict>
		<key>85B56B2E1B5173A700F3B735</key>
		<dict>
			<key>isa</key>
			<string>PBXFileReference</string>
			<key>lastKnownFileType</key>
			<string>file</string>
			<key>name</key>
			<string>Colfax-MediumItalic.otf</string>
			<key>path</key>
			<string>Assets/Fonts/Colfax-MediumItalic.otf</string>
			<key>sourceTree</key>
			<string>&lt;group&gt;</string>
		</dict>
		<key>85B56B2F1B51746300F3B735</key>
		<dict>
			<key>fileRef</key>
			<string>85B56B2E1B5173A700F3B735</string>
			<key>isa</key>
			<string>PBXBuildFile</string>
		</dict>
		<key>85B56B301B53A33D00F3B735</key>
		<dict>
			<key>fileEncoding</key>
			<string>4</string>
			<key>isa</key>
			<string>PBXFileReference</string>
			<key>lastKnownFileType</key>
			<string>sourcecode.swift</string>
			<key>name</key>
			<string>Role.swift</string>
			<key>path</key>
			<string>Models/Role.swift</string>
			<key>sourceTree</key>
			<string>&lt;group&gt;</string>
		</dict>
		<key>85B56B311B53A33D00F3B735</key>
		<dict>
			<key>fileRef</key>
			<string>85B56B301B53A33D00F3B735</string>
			<key>isa</key>
			<string>PBXBuildFile</string>
		</dict>
		<key>85B56B321B5426B800F3B735</key>
		<dict>
			<key>fileEncoding</key>
			<string>4</string>
			<key>isa</key>
			<string>PBXFileReference</string>
			<key>lastKnownFileType</key>
			<string>sourcecode.swift</string>
			<key>name</key>
			<string>Attribute.swift</string>
			<key>path</key>
			<string>Models/Attribute.swift</string>
			<key>sourceTree</key>
			<string>&lt;group&gt;</string>
		</dict>
		<key>85B56B331B5426B800F3B735</key>
		<dict>
			<key>fileRef</key>
			<string>85B56B321B5426B800F3B735</string>
			<key>isa</key>
			<string>PBXBuildFile</string>
		</dict>
		<key>85B56B341B542A8900F3B735</key>
		<dict>
			<key>fileEncoding</key>
			<string>4</string>
			<key>isa</key>
			<string>PBXFileReference</string>
			<key>lastKnownFileType</key>
			<string>sourcecode.swift</string>
			<key>name</key>
			<string>Skill.swift</string>
			<key>path</key>
			<string>Models/Skill.swift</string>
			<key>sourceTree</key>
			<string>&lt;group&gt;</string>
		</dict>
		<key>85B56B351B542A8900F3B735</key>
		<dict>
			<key>fileRef</key>
			<string>85B56B341B542A8900F3B735</string>
			<key>isa</key>
			<string>PBXBuildFile</string>
		</dict>
		<key>85B56B371B55708A00F3B735</key>
		<dict>
			<key>children</key>
			<array>
				<string>85B56B381B5570E800F3B735</string>
			</array>
			<key>isa</key>
			<string>PBXGroup</string>
			<key>name</key>
			<string>Extensions</string>
			<key>sourceTree</key>
			<string>&lt;group&gt;</string>
		</dict>
		<key>85B56B381B5570E800F3B735</key>
		<dict>
			<key>fileEncoding</key>
			<string>4</string>
			<key>isa</key>
			<string>PBXFileReference</string>
			<key>lastKnownFileType</key>
			<string>sourcecode.swift</string>
			<key>name</key>
			<string>UIView.swift</string>
			<key>path</key>
			<string>Extensions/UIView.swift</string>
			<key>sourceTree</key>
			<string>&lt;group&gt;</string>
		</dict>
		<key>85B56B391B5570E800F3B735</key>
		<dict>
			<key>fileRef</key>
			<string>85B56B381B5570E800F3B735</string>
			<key>isa</key>
			<string>PBXBuildFile</string>
		</dict>
		<key>85B56B3A1B5577CC00F3B735</key>
		<dict>
			<key>fileEncoding</key>
			<string>4</string>
			<key>isa</key>
			<string>PBXFileReference</string>
			<key>lastKnownFileType</key>
			<string>sourcecode.swift</string>
			<key>name</key>
			<string>Talent.swift</string>
			<key>path</key>
			<string>Models/Talent.swift</string>
			<key>sourceTree</key>
			<string>&lt;group&gt;</string>
		</dict>
		<key>85B56B3B1B5577CC00F3B735</key>
		<dict>
			<key>fileRef</key>
			<string>85B56B3A1B5577CC00F3B735</string>
			<key>isa</key>
			<string>PBXBuildFile</string>
		</dict>
		<key>85B56B3C1B55A2D300F3B735</key>
		<dict>
			<key>fileEncoding</key>
			<string>4</string>
			<key>isa</key>
			<string>PBXFileReference</string>
			<key>lastKnownFileType</key>
			<string>sourcecode.swift</string>
			<key>name</key>
			<string>AnimalType.swift</string>
			<key>path</key>
			<string>Models/AnimalType.swift</string>
			<key>sourceTree</key>
			<string>&lt;group&gt;</string>
		</dict>
		<key>85B56B3D1B55A2D300F3B735</key>
		<dict>
			<key>fileRef</key>
			<string>85B56B3C1B55A2D300F3B735</string>
			<key>isa</key>
			<string>PBXBuildFile</string>
		</dict>
		<key>85B56B3E1B55A37400F3B735</key>
		<dict>
			<key>fileEncoding</key>
			<string>4</string>
			<key>isa</key>
			<string>PBXFileReference</string>
			<key>lastKnownFileType</key>
			<string>sourcecode.swift</string>
			<key>name</key>
			<string>Species.swift</string>
			<key>path</key>
			<string>Models/Species.swift</string>
			<key>sourceTree</key>
			<string>&lt;group&gt;</string>
		</dict>
		<key>85B56B3F1B55A37400F3B735</key>
		<dict>
			<key>fileRef</key>
			<string>85B56B3E1B55A37400F3B735</string>
			<key>isa</key>
			<string>PBXBuildFile</string>
		</dict>
		<key>85C682751B0BCA1B0056DC33</key>
		<dict>
			<key>isa</key>
			<string>PBXFileReference</string>
			<key>lastKnownFileType</key>
			<string>wrapper.framework</string>
			<key>name</key>
			<string>Cartography.framework</string>
			<key>path</key>
			<string>Pods/../build/Debug-iphoneos/Pods/Cartography.framework</string>
			<key>sourceTree</key>
			<string>&lt;group&gt;</string>
		</dict>
		<key>85C689BD1AFED1D60021CB0E</key>
		<dict>
			<key>children</key>
			<array>
				<string>85C689C81AFED1D60021CB0E</string>
				<string>85C689DE1AFED1D70021CB0E</string>
				<string>85C689C71AFED1D60021CB0E</string>
				<string>EAFF3B099FD1B765A5264602</string>
				<string>AEB21A0289EE2D301ACA1127</string>
			</array>
			<key>isa</key>
			<string>PBXGroup</string>
			<key>sourceTree</key>
			<string>&lt;group&gt;</string>
		</dict>
		<key>85C689BE1AFED1D60021CB0E</key>
		<dict>
			<key>attributes</key>
			<dict>
				<key>LastSwiftMigration</key>
				<string>0700</string>
				<key>LastSwiftUpdateCheck</key>
				<string>0700</string>
				<key>LastUpgradeCheck</key>
				<string>0700</string>
				<key>ORGANIZATIONNAME</key>
				<string>Arvid Kongstad</string>
				<key>TargetAttributes</key>
				<dict>
					<key>85C689C51AFED1D60021CB0E</key>
					<dict>
						<key>CreatedOnToolsVersion</key>
						<string>6.3.1</string>
					</dict>
					<key>85C689DA1AFED1D70021CB0E</key>
					<dict>
						<key>CreatedOnToolsVersion</key>
						<string>6.3.1</string>
						<key>TestTargetID</key>
						<string>85C689C51AFED1D60021CB0E</string>
					</dict>
				</dict>
			</dict>
			<key>buildConfigurationList</key>
			<string>85C689C11AFED1D60021CB0E</string>
			<key>compatibilityVersion</key>
			<string>Xcode 3.2</string>
			<key>developmentRegion</key>
			<string>English</string>
			<key>hasScannedForEncodings</key>
			<string>0</string>
			<key>isa</key>
			<string>PBXProject</string>
			<key>knownRegions</key>
			<array>
				<string>en</string>
				<string>Base</string>
			</array>
			<key>mainGroup</key>
			<string>85C689BD1AFED1D60021CB0E</string>
			<key>productRefGroup</key>
			<string>85C689C71AFED1D60021CB0E</string>
			<key>projectDirPath</key>
			<string></string>
			<key>projectReferences</key>
			<array/>
			<key>projectRoot</key>
			<string></string>
			<key>targets</key>
			<array>
				<string>85C689C51AFED1D60021CB0E</string>
				<string>85C689DA1AFED1D70021CB0E</string>
			</array>
		</dict>
		<key>85C689C11AFED1D60021CB0E</key>
		<dict>
			<key>buildConfigurations</key>
			<array>
				<string>85C689E31AFED1D70021CB0E</string>
				<string>85C689E41AFED1D70021CB0E</string>
			</array>
			<key>defaultConfigurationIsVisible</key>
			<string>0</string>
			<key>defaultConfigurationName</key>
			<string>Release</string>
			<key>isa</key>
			<string>XCConfigurationList</string>
		</dict>
		<key>85C689C21AFED1D60021CB0E</key>
		<dict>
			<key>buildActionMask</key>
			<string>2147483647</string>
			<key>files</key>
			<array>
				<string>85AF5A061B5673DC0089BD5E</string>
				<string>85B56B0A1B50FFA100F3B735</string>
				<string>85B067321B456D6300380B70</string>
				<string>851B2A451B55F1DC002CDD3B</string>
				<string>85429E2E1B03F5F800846BF1</string>
				<string>85429E281B03CF6200846BF1</string>
				<string>8571D2CC1B5ACF6800E8C5FA</string>
				<string>85429E301B03FA7600846BF1</string>
				<string>85B067471B45B17D00380B70</string>
				<string>85B56B041B5059C900F3B735</string>
				<string>85B56B351B542A8900F3B735</string>
				<string>85B56B1D1B51347300F3B735</string>
				<string>85429E2C1B03F5AD00846BF1</string>
				<string>85B56B391B5570E800F3B735</string>
				<string>851B2A491B561C0D002CDD3B</string>
				<string>85C689CC1AFED1D60021CB0E</string>
				<string>85B56AFA1B4ED3EC00F3B735</string>
				<string>851B2A431B55E92A002CDD3B</string>
				<string>851B2A471B560353002CDD3B</string>
				<string>85B56B331B5426B800F3B735</string>
				<string>85B56B311B53A33D00F3B735</string>
				<string>85B56B3D1B55A2D300F3B735</string>
				<string>85B56B3F1B55A37400F3B735</string>
				<string>85B56B3B1B5577CC00F3B735</string>
			</array>
			<key>isa</key>
			<string>PBXSourcesBuildPhase</string>
			<key>runOnlyForDeploymentPostprocessing</key>
			<string>0</string>
		</dict>
		<key>85C689C31AFED1D60021CB0E</key>
		<dict>
			<key>buildActionMask</key>
			<string>2147483647</string>
			<key>files</key>
			<array>
				<string>1DF84E2D8C8FA2EC8368C1DF</string>
			</array>
			<key>isa</key>
			<string>PBXFrameworksBuildPhase</string>
			<key>runOnlyForDeploymentPostprocessing</key>
			<string>0</string>
		</dict>
		<key>85C689C41AFED1D60021CB0E</key>
		<dict>
			<key>buildActionMask</key>
			<string>2147483647</string>
			<key>files</key>
			<array>
				<string>85B0673E1B4598A400380B70</string>
				<string>85B56B181B51104800F3B735</string>
				<string>85B067451B4598A400380B70</string>
				<string>85B0673F1B4598A400380B70</string>
				<string>85B56B191B51104800F3B735</string>
				<string>85B56B081B50F24700F3B735</string>
				<string>85B067431B4598A400380B70</string>
				<string>85B56B2A1B51738500F3B735</string>
				<string>85B067301B4562F700380B70</string>
				<string>85B067401B4598A400380B70</string>
				<string>85B56B251B513F3800F3B735</string>
				<string>85C689D31AFED1D70021CB0E</string>
				<string>85B56B171B51104800F3B735</string>
				<string>85B56B2F1B51746300F3B735</string>
				<string>85B067441B4598A400380B70</string>
				<string>85B067411B4598A400380B70</string>
				<string>85B067421B4598A400380B70</string>
				<string>85B56B2B1B51738500F3B735</string>
				<string>85B0672F1B4562F700380B70</string>
				<string>85B56B161B51104700F3B735</string>
			</array>
			<key>isa</key>
			<string>PBXResourcesBuildPhase</string>
			<key>runOnlyForDeploymentPostprocessing</key>
			<string>0</string>
		</dict>
		<key>85C689C51AFED1D60021CB0E</key>
		<dict>
			<key>buildConfigurationList</key>
			<string>85C689E51AFED1D70021CB0E</string>
			<key>buildPhases</key>
			<array>
				<string>75725A5D1836DAB959B2C774</string>
				<string>85C689C21AFED1D60021CB0E</string>
				<string>85C689C31AFED1D60021CB0E</string>
				<string>85C689C41AFED1D60021CB0E</string>
				<string>DDB28CD2105100EBCED0E411</string>
				<string>41B75166478D3B026E3F8553</string>
			</array>
			<key>buildRules</key>
			<array/>
			<key>dependencies</key>
			<array/>
			<key>isa</key>
			<string>PBXNativeTarget</string>
			<key>name</key>
			<string>Genlabbet</string>
			<key>productName</key>
			<string>Genlabbet</string>
			<key>productReference</key>
			<string>85C689C61AFED1D60021CB0E</string>
			<key>productType</key>
			<string>com.apple.product-type.application</string>
		</dict>
		<key>85C689C61AFED1D60021CB0E</key>
		<dict>
			<key>explicitFileType</key>
			<string>wrapper.application</string>
			<key>includeInIndex</key>
			<string>0</string>
			<key>isa</key>
			<string>PBXFileReference</string>
			<key>path</key>
			<string>Genlabbet.app</string>
			<key>sourceTree</key>
			<string>BUILT_PRODUCTS_DIR</string>
		</dict>
		<key>85C689C71AFED1D60021CB0E</key>
		<dict>
			<key>children</key>
			<array>
				<string>85C689C61AFED1D60021CB0E</string>
				<string>85C689DB1AFED1D70021CB0E</string>
			</array>
			<key>isa</key>
			<string>PBXGroup</string>
			<key>name</key>
			<string>Products</string>
			<key>sourceTree</key>
			<string>&lt;group&gt;</string>
		</dict>
		<key>85C689C81AFED1D60021CB0E</key>
		<dict>
			<key>children</key>
			<array>
				<string>85C689CB1AFED1D60021CB0E</string>
				<string>85429E1F1B03B9CE00846BF1</string>
				<string>85B56B371B55708A00F3B735</string>
				<string>85429E201B03B9DC00846BF1</string>
				<string>85C689C91AFED1D60021CB0E</string>
				<string>85429E1D1B03B98F00846BF1</string>
				<string>85429E1E1B03B9BA00846BF1</string>
			</array>
			<key>isa</key>
			<string>PBXGroup</string>
			<key>path</key>
			<string>Genlabbet</string>
			<key>sourceTree</key>
			<string>&lt;group&gt;</string>
		</dict>
		<key>85C689C91AFED1D60021CB0E</key>
		<dict>
			<key>children</key>
			<array>
				<string>85C689CA1AFED1D60021CB0E</string>
			</array>
			<key>isa</key>
			<string>PBXGroup</string>
			<key>name</key>
			<string>Supporting Files</string>
			<key>sourceTree</key>
			<string>&lt;group&gt;</string>
		</dict>
		<key>85C689CA1AFED1D60021CB0E</key>
		<dict>
			<key>isa</key>
			<string>PBXFileReference</string>
			<key>lastKnownFileType</key>
			<string>text.plist.xml</string>
			<key>path</key>
			<string>Info.plist</string>
			<key>sourceTree</key>
			<string>&lt;group&gt;</string>
		</dict>
		<key>85C689CB1AFED1D60021CB0E</key>
		<dict>
			<key>isa</key>
			<string>PBXFileReference</string>
			<key>lastKnownFileType</key>
			<string>sourcecode.swift</string>
			<key>path</key>
			<string>AppDelegate.swift</string>
			<key>sourceTree</key>
			<string>&lt;group&gt;</string>
		</dict>
		<key>85C689CC1AFED1D60021CB0E</key>
		<dict>
			<key>fileRef</key>
			<string>85C689CB1AFED1D60021CB0E</string>
			<key>isa</key>
			<string>PBXBuildFile</string>
		</dict>
		<key>85C689D21AFED1D70021CB0E</key>
		<dict>
			<key>isa</key>
			<string>PBXFileReference</string>
			<key>lastKnownFileType</key>
			<string>folder.assetcatalog</string>
			<key>path</key>
			<string>Images.xcassets</string>
			<key>sourceTree</key>
			<string>&lt;group&gt;</string>
		</dict>
		<key>85C689D31AFED1D70021CB0E</key>
		<dict>
			<key>fileRef</key>
			<string>85C689D21AFED1D70021CB0E</string>
			<key>isa</key>
			<string>PBXBuildFile</string>
		</dict>
		<key>85C689D71AFED1D70021CB0E</key>
		<dict>
			<key>buildActionMask</key>
			<string>2147483647</string>
			<key>files</key>
			<array>
				<string>85C689E21AFED1D70021CB0E</string>
			</array>
			<key>isa</key>
			<string>PBXSourcesBuildPhase</string>
			<key>runOnlyForDeploymentPostprocessing</key>
			<string>0</string>
		</dict>
		<key>85C689D81AFED1D70021CB0E</key>
		<dict>
			<key>buildActionMask</key>
			<string>2147483647</string>
			<key>files</key>
			<array/>
			<key>isa</key>
			<string>PBXFrameworksBuildPhase</string>
			<key>runOnlyForDeploymentPostprocessing</key>
			<string>0</string>
		</dict>
		<key>85C689D91AFED1D70021CB0E</key>
		<dict>
			<key>buildActionMask</key>
			<string>2147483647</string>
			<key>files</key>
			<array/>
			<key>isa</key>
			<string>PBXResourcesBuildPhase</string>
			<key>runOnlyForDeploymentPostprocessing</key>
			<string>0</string>
		</dict>
		<key>85C689DA1AFED1D70021CB0E</key>
		<dict>
			<key>buildConfigurationList</key>
			<string>85C689E81AFED1D70021CB0E</string>
			<key>buildPhases</key>
			<array>
				<string>85C689D71AFED1D70021CB0E</string>
				<string>85C689D81AFED1D70021CB0E</string>
				<string>85C689D91AFED1D70021CB0E</string>
			</array>
			<key>buildRules</key>
			<array/>
			<key>dependencies</key>
			<array>
				<string>85C689DD1AFED1D70021CB0E</string>
			</array>
			<key>isa</key>
			<string>PBXNativeTarget</string>
			<key>name</key>
			<string>GenlabbetTests</string>
			<key>productName</key>
			<string>GenlabbetTests</string>
			<key>productReference</key>
			<string>85C689DB1AFED1D70021CB0E</string>
			<key>productType</key>
			<string>com.apple.product-type.bundle.unit-test</string>
		</dict>
		<key>85C689DB1AFED1D70021CB0E</key>
		<dict>
			<key>explicitFileType</key>
			<string>wrapper.cfbundle</string>
			<key>includeInIndex</key>
			<string>0</string>
			<key>isa</key>
			<string>PBXFileReference</string>
			<key>path</key>
			<string>GenlabbetTests.xctest</string>
			<key>sourceTree</key>
			<string>BUILT_PRODUCTS_DIR</string>
		</dict>
		<key>85C689DC1AFED1D70021CB0E</key>
		<dict>
			<key>containerPortal</key>
			<string>85C689BE1AFED1D60021CB0E</string>
			<key>isa</key>
			<string>PBXContainerItemProxy</string>
			<key>proxyType</key>
			<string>1</string>
			<key>remoteGlobalIDString</key>
			<string>85C689C51AFED1D60021CB0E</string>
			<key>remoteInfo</key>
			<string>Genlabbet</string>
		</dict>
		<key>85C689DD1AFED1D70021CB0E</key>
		<dict>
			<key>isa</key>
			<string>PBXTargetDependency</string>
			<key>target</key>
			<string>85C689C51AFED1D60021CB0E</string>
			<key>targetProxy</key>
			<string>85C689DC1AFED1D70021CB0E</string>
		</dict>
		<key>85C689DE1AFED1D70021CB0E</key>
		<dict>
			<key>children</key>
			<array>
				<string>85C689E11AFED1D70021CB0E</string>
				<string>85C689DF1AFED1D70021CB0E</string>
			</array>
			<key>isa</key>
			<string>PBXGroup</string>
			<key>path</key>
			<string>GenlabbetTests</string>
			<key>sourceTree</key>
			<string>&lt;group&gt;</string>
		</dict>
		<key>85C689DF1AFED1D70021CB0E</key>
		<dict>
			<key>children</key>
			<array>
				<string>85C689E01AFED1D70021CB0E</string>
			</array>
			<key>isa</key>
			<string>PBXGroup</string>
			<key>name</key>
			<string>Supporting Files</string>
			<key>sourceTree</key>
			<string>&lt;group&gt;</string>
		</dict>
		<key>85C689E01AFED1D70021CB0E</key>
		<dict>
			<key>isa</key>
			<string>PBXFileReference</string>
			<key>lastKnownFileType</key>
			<string>text.plist.xml</string>
			<key>path</key>
			<string>Info.plist</string>
			<key>sourceTree</key>
			<string>&lt;group&gt;</string>
		</dict>
		<key>85C689E11AFED1D70021CB0E</key>
		<dict>
			<key>isa</key>
			<string>PBXFileReference</string>
			<key>lastKnownFileType</key>
			<string>sourcecode.swift</string>
			<key>path</key>
			<string>GenlabbetTests.swift</string>
			<key>sourceTree</key>
			<string>&lt;group&gt;</string>
		</dict>
		<key>85C689E21AFED1D70021CB0E</key>
		<dict>
			<key>fileRef</key>
			<string>85C689E11AFED1D70021CB0E</string>
			<key>isa</key>
			<string>PBXBuildFile</string>
		</dict>
		<key>85C689E31AFED1D70021CB0E</key>
		<dict>
			<key>buildSettings</key>
			<dict>
				<key>ALWAYS_SEARCH_USER_PATHS</key>
				<string>NO</string>
				<key>CLANG_CXX_LANGUAGE_STANDARD</key>
				<string>gnu++0x</string>
				<key>CLANG_CXX_LIBRARY</key>
				<string>libc++</string>
				<key>CLANG_ENABLE_MODULES</key>
				<string>YES</string>
				<key>CLANG_ENABLE_OBJC_ARC</key>
				<string>YES</string>
				<key>CLANG_WARN_BOOL_CONVERSION</key>
				<string>YES</string>
				<key>CLANG_WARN_CONSTANT_CONVERSION</key>
				<string>YES</string>
				<key>CLANG_WARN_DIRECT_OBJC_ISA_USAGE</key>
				<string>YES_ERROR</string>
				<key>CLANG_WARN_EMPTY_BODY</key>
				<string>YES</string>
				<key>CLANG_WARN_ENUM_CONVERSION</key>
				<string>YES</string>
				<key>CLANG_WARN_INT_CONVERSION</key>
				<string>YES</string>
				<key>CLANG_WARN_OBJC_ROOT_CLASS</key>
				<string>YES_ERROR</string>
				<key>CLANG_WARN_UNREACHABLE_CODE</key>
				<string>YES</string>
				<key>CLANG_WARN__DUPLICATE_METHOD_MATCH</key>
				<string>YES</string>
				<key>CODE_SIGN_IDENTITY[sdk=iphoneos*]</key>
				<string>iPhone Developer</string>
				<key>COPY_PHASE_STRIP</key>
				<string>NO</string>
				<key>DEBUG_INFORMATION_FORMAT</key>
				<string>dwarf-with-dsym</string>
				<key>ENABLE_STRICT_OBJC_MSGSEND</key>
				<string>YES</string>
				<key>ENABLE_TESTABILITY</key>
				<string>YES</string>
				<key>GCC_C_LANGUAGE_STANDARD</key>
				<string>gnu99</string>
				<key>GCC_DYNAMIC_NO_PIC</key>
				<string>NO</string>
				<key>GCC_NO_COMMON_BLOCKS</key>
				<string>YES</string>
				<key>GCC_OPTIMIZATION_LEVEL</key>
				<string>0</string>
				<key>GCC_PREPROCESSOR_DEFINITIONS</key>
				<array>
					<string>DEBUG=1</string>
					<string>$(inherited)</string>
				</array>
				<key>GCC_SYMBOLS_PRIVATE_EXTERN</key>
				<string>NO</string>
				<key>GCC_WARN_64_TO_32_BIT_CONVERSION</key>
				<string>YES</string>
				<key>GCC_WARN_ABOUT_RETURN_TYPE</key>
				<string>YES_ERROR</string>
				<key>GCC_WARN_UNDECLARED_SELECTOR</key>
				<string>YES</string>
				<key>GCC_WARN_UNINITIALIZED_AUTOS</key>
				<string>YES_AGGRESSIVE</string>
				<key>GCC_WARN_UNUSED_FUNCTION</key>
				<string>YES</string>
				<key>GCC_WARN_UNUSED_VARIABLE</key>
				<string>YES</string>
				<key>IPHONEOS_DEPLOYMENT_TARGET</key>
				<string>8.3</string>
				<key>MTL_ENABLE_DEBUG_INFO</key>
				<string>YES</string>
				<key>ONLY_ACTIVE_ARCH</key>
				<string>YES</string>
				<key>SDKROOT</key>
				<string>iphoneos</string>
				<key>SWIFT_OPTIMIZATION_LEVEL</key>
				<string>-Onone</string>
			</dict>
			<key>isa</key>
			<string>XCBuildConfiguration</string>
			<key>name</key>
			<string>Debug</string>
		</dict>
		<key>85C689E41AFED1D70021CB0E</key>
		<dict>
			<key>buildSettings</key>
			<dict>
				<key>ALWAYS_SEARCH_USER_PATHS</key>
				<string>NO</string>
				<key>CLANG_CXX_LANGUAGE_STANDARD</key>
				<string>gnu++0x</string>
				<key>CLANG_CXX_LIBRARY</key>
				<string>libc++</string>
				<key>CLANG_ENABLE_MODULES</key>
				<string>YES</string>
				<key>CLANG_ENABLE_OBJC_ARC</key>
				<string>YES</string>
				<key>CLANG_WARN_BOOL_CONVERSION</key>
				<string>YES</string>
				<key>CLANG_WARN_CONSTANT_CONVERSION</key>
				<string>YES</string>
				<key>CLANG_WARN_DIRECT_OBJC_ISA_USAGE</key>
				<string>YES_ERROR</string>
				<key>CLANG_WARN_EMPTY_BODY</key>
				<string>YES</string>
				<key>CLANG_WARN_ENUM_CONVERSION</key>
				<string>YES</string>
				<key>CLANG_WARN_INT_CONVERSION</key>
				<string>YES</string>
				<key>CLANG_WARN_OBJC_ROOT_CLASS</key>
				<string>YES_ERROR</string>
				<key>CLANG_WARN_UNREACHABLE_CODE</key>
				<string>YES</string>
				<key>CLANG_WARN__DUPLICATE_METHOD_MATCH</key>
				<string>YES</string>
				<key>CODE_SIGN_IDENTITY[sdk=iphoneos*]</key>
				<string>iPhone Developer</string>
				<key>COPY_PHASE_STRIP</key>
				<string>NO</string>
				<key>DEBUG_INFORMATION_FORMAT</key>
				<string>dwarf-with-dsym</string>
				<key>ENABLE_NS_ASSERTIONS</key>
				<string>NO</string>
				<key>ENABLE_STRICT_OBJC_MSGSEND</key>
				<string>YES</string>
				<key>GCC_C_LANGUAGE_STANDARD</key>
				<string>gnu99</string>
				<key>GCC_NO_COMMON_BLOCKS</key>
				<string>YES</string>
				<key>GCC_WARN_64_TO_32_BIT_CONVERSION</key>
				<string>YES</string>
				<key>GCC_WARN_ABOUT_RETURN_TYPE</key>
				<string>YES_ERROR</string>
				<key>GCC_WARN_UNDECLARED_SELECTOR</key>
				<string>YES</string>
				<key>GCC_WARN_UNINITIALIZED_AUTOS</key>
				<string>YES_AGGRESSIVE</string>
				<key>GCC_WARN_UNUSED_FUNCTION</key>
				<string>YES</string>
				<key>GCC_WARN_UNUSED_VARIABLE</key>
				<string>YES</string>
				<key>IPHONEOS_DEPLOYMENT_TARGET</key>
				<string>8.3</string>
				<key>MTL_ENABLE_DEBUG_INFO</key>
				<string>NO</string>
				<key>SDKROOT</key>
				<string>iphoneos</string>
				<key>VALIDATE_PRODUCT</key>
				<string>YES</string>
			</dict>
			<key>isa</key>
			<string>XCBuildConfiguration</string>
			<key>name</key>
			<string>Release</string>
		</dict>
		<key>85C689E51AFED1D70021CB0E</key>
		<dict>
			<key>buildConfigurations</key>
			<array>
				<string>85C689E61AFED1D70021CB0E</string>
				<string>85C689E71AFED1D70021CB0E</string>
			</array>
			<key>defaultConfigurationIsVisible</key>
			<string>0</string>
			<key>defaultConfigurationName</key>
			<string>Release</string>
			<key>isa</key>
			<string>XCConfigurationList</string>
		</dict>
		<key>85C689E61AFED1D70021CB0E</key>
		<dict>
			<key>baseConfigurationReference</key>
			<string>DF3F80443563ADAEC1E08935</string>
			<key>buildSettings</key>
			<dict>
				<key>ASSETCATALOG_COMPILER_APPICON_NAME</key>
				<string>AppIcon</string>
				<key>ASSETCATALOG_COMPILER_LAUNCHIMAGE_NAME</key>
				<string>LaunchImage</string>
				<key>INFOPLIST_FILE</key>
				<string>Genlabbet/Info.plist</string>
				<key>LD_RUNPATH_SEARCH_PATHS</key>
				<string>$(inherited) @executable_path/Frameworks</string>
				<key>PRODUCT_BUNDLE_IDENTIFIER</key>
				<string>com.arvkon.$(PRODUCT_NAME:rfc1034identifier)</string>
				<key>PRODUCT_NAME</key>
				<string>$(TARGET_NAME)</string>
			</dict>
			<key>isa</key>
			<string>XCBuildConfiguration</string>
			<key>name</key>
			<string>Debug</string>
		</dict>
		<key>85C689E71AFED1D70021CB0E</key>
		<dict>
			<key>baseConfigurationReference</key>
			<string>1835035F188970F1C0691F5B</string>
			<key>buildSettings</key>
			<dict>
				<key>ASSETCATALOG_COMPILER_APPICON_NAME</key>
				<string>AppIcon</string>
				<key>ASSETCATALOG_COMPILER_LAUNCHIMAGE_NAME</key>
				<string>LaunchImage</string>
				<key>INFOPLIST_FILE</key>
				<string>Genlabbet/Info.plist</string>
				<key>LD_RUNPATH_SEARCH_PATHS</key>
				<string>$(inherited) @executable_path/Frameworks</string>
				<key>PRODUCT_BUNDLE_IDENTIFIER</key>
				<string>com.arvkon.$(PRODUCT_NAME:rfc1034identifier)</string>
				<key>PRODUCT_NAME</key>
				<string>$(TARGET_NAME)</string>
			</dict>
			<key>isa</key>
			<string>XCBuildConfiguration</string>
			<key>name</key>
			<string>Release</string>
		</dict>
		<key>85C689E81AFED1D70021CB0E</key>
		<dict>
			<key>buildConfigurations</key>
			<array>
				<string>85C689E91AFED1D70021CB0E</string>
				<string>85C689EA1AFED1D70021CB0E</string>
			</array>
			<key>defaultConfigurationIsVisible</key>
			<string>0</string>
			<key>defaultConfigurationName</key>
			<string>Release</string>
			<key>isa</key>
			<string>XCConfigurationList</string>
		</dict>
		<key>85C689E91AFED1D70021CB0E</key>
		<dict>
			<key>buildSettings</key>
			<dict>
				<key>BUNDLE_LOADER</key>
				<string>$(TEST_HOST)</string>
				<key>GCC_PREPROCESSOR_DEFINITIONS</key>
				<array>
					<string>DEBUG=1</string>
					<string>$(inherited)</string>
				</array>
				<key>INFOPLIST_FILE</key>
				<string>GenlabbetTests/Info.plist</string>
				<key>LD_RUNPATH_SEARCH_PATHS</key>
				<string>$(inherited) @executable_path/Frameworks @loader_path/Frameworks</string>
				<key>PRODUCT_BUNDLE_IDENTIFIER</key>
				<string>com.arvkon.$(PRODUCT_NAME:rfc1034identifier)</string>
				<key>PRODUCT_NAME</key>
				<string>$(TARGET_NAME)</string>
				<key>TEST_HOST</key>
				<string>$(BUILT_PRODUCTS_DIR)/Genlabbet.app/Genlabbet</string>
			</dict>
			<key>isa</key>
			<string>XCBuildConfiguration</string>
			<key>name</key>
			<string>Debug</string>
		</dict>
		<key>85C689EA1AFED1D70021CB0E</key>
		<dict>
			<key>buildSettings</key>
			<dict>
				<key>BUNDLE_LOADER</key>
				<string>$(TEST_HOST)</string>
				<key>INFOPLIST_FILE</key>
				<string>GenlabbetTests/Info.plist</string>
				<key>LD_RUNPATH_SEARCH_PATHS</key>
				<string>$(inherited) @executable_path/Frameworks @loader_path/Frameworks</string>
				<key>PRODUCT_BUNDLE_IDENTIFIER</key>
				<string>com.arvkon.$(PRODUCT_NAME:rfc1034identifier)</string>
				<key>PRODUCT_NAME</key>
				<string>$(TARGET_NAME)</string>
				<key>TEST_HOST</key>
				<string>$(BUILT_PRODUCTS_DIR)/Genlabbet.app/Genlabbet</string>
			</dict>
			<key>isa</key>
			<string>XCBuildConfiguration</string>
			<key>name</key>
			<string>Release</string>
		</dict>
		<key>AEB21A0289EE2D301ACA1127</key>
		<dict>
			<key>children</key>
			<array>
				<string>85C682751B0BCA1B0056DC33</string>
				<string>09D8BA64C78299AB2BBAC47A</string>
			</array>
			<key>isa</key>
			<string>PBXGroup</string>
			<key>name</key>
			<string>Frameworks</string>
			<key>sourceTree</key>
			<string>&lt;group&gt;</string>
		</dict>
		<key>DDB28CD2105100EBCED0E411</key>
		<dict>
			<key>buildActionMask</key>
			<string>2147483647</string>
			<key>files</key>
			<array/>
			<key>inputPaths</key>
			<array/>
			<key>isa</key>
			<string>PBXShellScriptBuildPhase</string>
			<key>name</key>
			<string>Embed Pods Frameworks</string>
			<key>outputPaths</key>
			<array/>
			<key>runOnlyForDeploymentPostprocessing</key>
			<string>0</string>
			<key>shellPath</key>
			<string>/bin/sh</string>
			<key>shellScript</key>
			<string>"${SRCROOT}/Pods/Target Support Files/Pods/Pods-frameworks.sh"
</string>
			<key>showEnvVarsInLog</key>
			<string>0</string>
		</dict>
		<key>DF3F80443563ADAEC1E08935</key>
		<dict>
			<key>includeInIndex</key>
			<string>1</string>
			<key>isa</key>
			<string>PBXFileReference</string>
			<key>lastKnownFileType</key>
			<string>text.xcconfig</string>
			<key>name</key>
			<string>Pods.debug.xcconfig</string>
			<key>path</key>
			<string>Pods/Target Support Files/Pods/Pods.debug.xcconfig</string>
			<key>sourceTree</key>
			<string>&lt;group&gt;</string>
		</dict>
		<key>EAFF3B099FD1B765A5264602</key>
		<dict>
			<key>children</key>
			<array>
				<string>DF3F80443563ADAEC1E08935</string>
				<string>1835035F188970F1C0691F5B</string>
			</array>
			<key>isa</key>
			<string>PBXGroup</string>
			<key>name</key>
			<string>Pods</string>
			<key>sourceTree</key>
			<string>&lt;group&gt;</string>
		</dict>
	</dict>
	<key>rootObject</key>
	<string>85C689BE1AFED1D60021CB0E</string>
</dict>
</plist>
